
Microsoft Visual Studio Solution File, Format Version 12.00
# Visual Studio Version 16
VisualStudioVersion = 16.0.31702.278
MinimumVisualStudioVersion = 10.0.40219.1
Project("{F2A71F9B-5D33-465A-A702-920D77279786}") = "AdventOfCode", "AdventOfCode\AdventOfCode.fsproj", "{2687F492-E510-4137-8A71-C4902D4C196B}"
EndProject
Project("{F2A71F9B-5D33-465A-A702-920D77279786}") = "Test", "Test\Test.fsproj", "{01CEBDC1-F1C4-44CE-BF1B-67EF50AC3314}"
EndProject
Global
	GlobalSection(SolutionConfigurationPlatforms) = preSolution
		Debug|Any CPU = Debug|Any CPU
		Release|Any CPU = Release|Any CPU
	EndGlobalSection
	GlobalSection(ProjectConfigurationPlatforms) = postSolution
		{2687F492-E510-4137-8A71-C4902D4C196B}.Debug|Any CPU.ActiveCfg = Debug|Any CPU
		{2687F492-E510-4137-8A71-C4902D4C196B}.Debug|Any CPU.Build.0 = Debug|Any CPU
		{2687F492-E510-4137-8A71-C4902D4C196B}.Release|Any CPU.ActiveCfg = Release|Any CPU
		{2687F492-E510-4137-8A71-C4902D4C196B}.Release|Any CPU.Build.0 = Release|Any CPU
		{01CEBDC1-F1C4-44CE-BF1B-67EF50AC3314}.Debug|Any CPU.ActiveCfg = Debug|Any CPU
		{01CEBDC1-F1C4-44CE-BF1B-67EF50AC3314}.Debug|Any CPU.Build.0 = Debug|Any CPU
		{01CEBDC1-F1C4-44CE-BF1B-67EF50AC3314}.Release|Any CPU.ActiveCfg = Release|Any CPU
		{01CEBDC1-F1C4-44CE-BF1B-67EF50AC3314}.Release|Any CPU.Build.0 = Release|Any CPU
	EndGlobalSection
	GlobalSection(SolutionProperties) = preSolution
		HideSolutionNode = FALSE
	EndGlobalSection
	GlobalSection(ExtensibilityGlobals) = postSolution
		SolutionGuid = {38C4EAEE-2772-4E79-B474-AEBFD14EA299}
	EndGlobalSection
EndGlobal
